
Microsoft Visual Studio Solution File, Format Version 12.00
# Visual Studio Version 17
VisualStudioVersion = 17.9.34616.47
MinimumVisualStudioVersion = 10.0.40219.1
Project("{FAE04EC0-301F-11D3-BF4B-00C04F79EFBC}") = "debtor", "debtor\debtor.csproj", "{DF1349BE-D7F1-4A33-B9F8-FD59AA26717E}"
EndProject
Global
	GlobalSection(SolutionConfigurationPlatforms) = preSolution
		Debug|Any CPU = Debug|Any CPU
		Release|Any CPU = Release|Any CPU
	EndGlobalSection
	GlobalSection(ProjectConfigurationPlatforms) = postSolution
		{DF1349BE-D7F1-4A33-B9F8-FD59AA26717E}.Debug|Any CPU.ActiveCfg = Debug|Any CPU
		{DF1349BE-D7F1-4A33-B9F8-FD59AA26717E}.Debug|Any CPU.Build.0 = Debug|Any CPU
		{DF1349BE-D7F1-4A33-B9F8-FD59AA26717E}.Release|Any CPU.ActiveCfg = Release|Any CPU
		{DF1349BE-D7F1-4A33-B9F8-FD59AA26717E}.Release|Any CPU.Build.0 = Release|Any CPU
	EndGlobalSection
	GlobalSection(SolutionProperties) = preSolution
		HideSolutionNode = FALSE
	EndGlobalSection
	GlobalSection(ExtensibilityGlobals) = postSolution
		SolutionGuid = {6A36FBCA-0BF2-4581-896F-834683E214CD}
	EndGlobalSection
EndGlobal
